Microsoft Visual Studio Solution File, Format Version 12.00
# Visual Studio 2012
Project("{FAE04EC0-301F-11D3-BF4B-00C04F79EFBC}") = "NeonPong", "NeonPong.csproj", "{DE3BA806-3C86-41E7-A983-C5C34342DF27}"
EndProject
Global
	GlobalSection(SolutionConfigurationPlatforms) = preSolution
	Debug|Any CPU = Debug|Any CPU
	ExportDebug|Any CPU = ExportDebug|Any CPU
	ExportRelease|Any CPU = ExportRelease|Any CPU
	EndGlobalSection
	GlobalSection(ProjectConfigurationPlatforms) = postSolution
		{DE3BA806-3C86-41E7-A983-C5C34342DF27}.Debug|Any CPU.ActiveCfg = Debug|Any CPU
		{DE3BA806-3C86-41E7-A983-C5C34342DF27}.Debug|Any CPU.Build.0 = Debug|Any CPU
		{DE3BA806-3C86-41E7-A983-C5C34342DF27}.ExportDebug|Any CPU.ActiveCfg = ExportDebug|Any CPU
		{DE3BA806-3C86-41E7-A983-C5C34342DF27}.ExportDebug|Any CPU.Build.0 = ExportDebug|Any CPU
		{DE3BA806-3C86-41E7-A983-C5C34342DF27}.ExportRelease|Any CPU.ActiveCfg = ExportRelease|Any CPU
		{DE3BA806-3C86-41E7-A983-C5C34342DF27}.ExportRelease|Any CPU.Build.0 = ExportRelease|Any CPU
	EndGlobalSection
EndGlobal
